
Microsoft Visual Studio Solution File, Format Version 12.00
# Visual Studio Version 17
VisualStudioVersion = 17.3.32804.467
MinimumVisualStudioVersion = 10.0.40219.1
Project("{FAE04EC0-301F-11D3-BF4B-00C04F79EFBC}") = "GatewaySensor", "GatewaySensor\GatewaySensor.csproj", "{F72A963F-0F64-46E5-B9DF-6885B3DD985C}"
EndProject
Global
	GlobalSection(SolutionConfigurationPlatforms) = preSolution
		Debug|Any CPU = Debug|Any CPU
		Release|Any CPU = Release|Any CPU
	EndGlobalSection
	GlobalSection(ProjectConfigurationPlatforms) = postSolution
		{F72A963F-0F64-46E5-B9DF-6885B3DD985C}.Debug|Any CPU.ActiveCfg = Debug|Any CPU
		{F72A963F-0F64-46E5-B9DF-6885B3DD985C}.Debug|Any CPU.Build.0 = Debug|Any CPU
		{F72A963F-0F64-46E5-B9DF-6885B3DD985C}.Release|Any CPU.ActiveCfg = Release|Any CPU
		{F72A963F-0F64-46E5-B9DF-6885B3DD985C}.Release|Any CPU.Build.0 = Release|Any CPU
	EndGlobalSection
	GlobalSection(SolutionProperties) = preSolution
		HideSolutionNode = FALSE
	EndGlobalSection
	GlobalSection(ExtensibilityGlobals) = postSolution
		SolutionGuid = {12BAF92C-AFBA-461E-ADF1-D74BAC7B4DA6}
	EndGlobalSection
EndGlobal
